
Microsoft Visual Studio Solution File, Format Version 12.00
# Visual Studio 15
VisualStudioVersion = 15.0.26124.0
MinimumVisualStudioVersion = 15.0.26124.0
Project("{2150E333-8FDC-42A3-9474-1A3956D46DE8}") = "src", "src", "{E139D16A-568D-49F6-8F91-8A66E9611E04}"
EndProject
Project("{FAE04EC0-301F-11D3-BF4B-00C04F79EFBC}") = "Deacon502.PlayBall.GroupManagement.Web", "src\Deacon502.PlayBall.GroupManagement.Web\Deacon502.PlayBall.GroupManagement.Web.csproj", "{5E96B179-D986-47FC-A1D1-CFA85CA48EDB}"
EndProject
Global
	GlobalSection(SolutionConfigurationPlatforms) = preSolution
		Debug|Any CPU = Debug|Any CPU
		Debug|x64 = Debug|x64
		Debug|x86 = Debug|x86
		Release|Any CPU = Release|Any CPU
		Release|x64 = Release|x64
		Release|x86 = Release|x86
	EndGlobalSection
	GlobalSection(SolutionProperties) = preSolution
		HideSolutionNode = FALSE
	EndGlobalSection
	GlobalSection(ProjectConfigurationPlatforms) = postSolution
		{5E96B179-D986-47FC-A1D1-CFA85CA48EDB}.Debug|Any CPU.ActiveCfg = Debug|Any CPU
		{5E96B179-D986-47FC-A1D1-CFA85CA48EDB}.Debug|Any CPU.Build.0 = Debug|Any CPU
		{5E96B179-D986-47FC-A1D1-CFA85CA48EDB}.Debug|x64.ActiveCfg = Debug|Any CPU
		{5E96B179-D986-47FC-A1D1-CFA85CA48EDB}.Debug|x64.Build.0 = Debug|Any CPU
		{5E96B179-D986-47FC-A1D1-CFA85CA48EDB}.Debug|x86.ActiveCfg = Debug|Any CPU
		{5E96B179-D986-47FC-A1D1-CFA85CA48EDB}.Debug|x86.Build.0 = Debug|Any CPU
		{5E96B179-D986-47FC-A1D1-CFA85CA48EDB}.Release|Any CPU.ActiveCfg = Release|Any CPU
		{5E96B179-D986-47FC-A1D1-CFA85CA48EDB}.Release|Any CPU.Build.0 = Release|Any CPU
		{5E96B179-D986-47FC-A1D1-CFA85CA48EDB}.Release|x64.ActiveCfg = Release|Any CPU
		{5E96B179-D986-47FC-A1D1-CFA85CA48EDB}.Release|x64.Build.0 = Release|Any CPU
		{5E96B179-D986-47FC-A1D1-CFA85CA48EDB}.Release|x86.ActiveCfg = Release|Any CPU
		{5E96B179-D986-47FC-A1D1-CFA85CA48EDB}.Release|x86.Build.0 = Release|Any CPU
	EndGlobalSection
	GlobalSection(NestedProjects) = preSolution
		{5E96B179-D986-47FC-A1D1-CFA85CA48EDB} = {E139D16A-568D-49F6-8F91-8A66E9611E04}
	EndGlobalSection
EndGlobal
